{
    "_meta": {
        "hash": {
            "sha256": "06041363e8142d5a29966bc102a86c78ce8b2cdbc0dd6c72fe2d272ed63e8022"
        },
        "pipfile-spec": 6,
        "requires": {
            "python_version": "3.9"
        },
        "sources": [
            {
                "name": "pypi",
                "url": "https://pypi.org/simple",
                "verify_ssl": true
            },
            {
                "name": "piwigo",
                "url": "https://piwigo.ilikeviecher.com/ftp-upload/packages/",
                "verify_ssl": true
            }
        ]
    },
    "default": {
        "appdirs": {
            "hashes": [
                "sha256:7d5d0167b2b1ba821647616af46a749d1c653740dd0d2415100fe26e27afdf41",
                "sha256:a841dacd6b99318a741b166adb07e19ee71a274450e68237b4650ca1055ab128"
            ],
            "index": "pypi",
            "version": "==1.4.4"
        },
        "bottle": {
            "hashes": [
                "sha256:a9d73ffcbc6a1345ca2d7949638db46349f5b2b77dac65d6494d45c23628da2c",
                "sha256:f6b8a34fe9aa406f9813c02990db72ca69ce6a158b5b156d2c41f345016a723d"
            ],
            "version": "==0.12.19"
        },
        "bottle-websocket": {
            "hashes": [
                "sha256:9887f70dc0c7592ed8d0d11a14aa95dede6cd08d50d83d5b81fd963e5fec738b"
            ],
            "version": "==0.2.9"
        },
        "cffi": {
            "hashes": [
                "sha256:00c878c90cb53ccfaae6b8bc18ad05d2036553e6d9d1d9dbcf323bbe83854ca3",
                "sha256:0104fb5ae2391d46a4cb082abdd5c69ea4eab79d8d44eaaf79f1b1fd806ee4c2",
                "sha256:06c48159c1abed75c2e721b1715c379fa3200c7784271b3c46df01383b593636",
                "sha256:0808014eb713677ec1292301ea4c81ad277b6cdf2fdd90fd540af98c0b101d20",
                "sha256:10dffb601ccfb65262a27233ac273d552ddc4d8ae1bf93b21c94b8511bffe728",
                "sha256:14cd121ea63ecdae71efa69c15c5543a4b5fbcd0bbe2aad864baca0063cecf27",
                "sha256:17771976e82e9f94976180f76468546834d22a7cc404b17c22df2a2c81db0c66",
                "sha256:181dee03b1170ff1969489acf1c26533710231c58f95534e3edac87fff06c443",
                "sha256:23cfe892bd5dd8941608f93348c0737e369e51c100d03718f108bf1add7bd6d0",
                "sha256:263cc3d821c4ab2213cbe8cd8b355a7f72a8324577dc865ef98487c1aeee2bc7",
                "sha256:2756c88cbb94231c7a147402476be2c4df2f6078099a6f4a480d239a8817ae39",
                "sha256:27c219baf94952ae9d50ec19651a687b826792055353d07648a5695413e0c605",
                "sha256:2a23af14f408d53d5e6cd4e3d9a24ff9e05906ad574822a10563efcef137979a",
                "sha256:31fb708d9d7c3f49a60f04cf5b119aeefe5644daba1cd2a0fe389b674fd1de37",
                "sha256:3415c89f9204ee60cd09b235810be700e993e343a408693e80ce7f6a40108029",
                "sha256:3773c4d81e6e818df2efbc7dd77325ca0dcb688116050fb2b3011218eda36139",
                "sha256:3b96a311ac60a3f6be21d2572e46ce67f09abcf4d09344c49274eb9e0bf345fc",
                "sha256:3f7d084648d77af029acb79a0ff49a0ad7e9d09057a9bf46596dac9514dc07df",
                "sha256:41d45de54cd277a7878919867c0f08b0cf817605e4eb94093e7516505d3c8d14",
                "sha256:4238e6dab5d6a8ba812de994bbb0a79bddbdf80994e4ce802b6f6f3142fcc880",
                "sha256:45db3a33139e9c8f7c09234b5784a5e33d31fd6907800b316decad50af323ff2",
                "sha256:45e8636704eacc432a206ac7345a5d3d2c62d95a507ec70d62f23cd91770482a",
                "sha256:4958391dbd6249d7ad855b9ca88fae690783a6be9e86df65865058ed81fc860e",
                "sha256:4a306fa632e8f0928956a41fa8e1d6243c71e7eb59ffbd165fc0b41e316b2474",
                "sha256:57e9ac9ccc3101fac9d6014fba037473e4358ef4e89f8e181f8951a2c0162024",
                "sha256:59888172256cac5629e60e72e86598027aca6bf01fa2465bdb676d37636573e8",
                "sha256:5e069f72d497312b24fcc02073d70cb989045d1c91cbd53979366077959933e0",
                "sha256:64d4ec9f448dfe041705426000cc13e34e6e5bb13736e9fd62e34a0b0c41566e",
                "sha256:6dc2737a3674b3e344847c8686cf29e500584ccad76204efea14f451d4cc669a",
                "sha256:74fdfdbfdc48d3f47148976f49fab3251e550a8720bebc99bf1483f5bfb5db3e",
                "sha256:75e4024375654472cc27e91cbe9eaa08567f7fbdf822638be2814ce059f58032",
                "sha256:786902fb9ba7433aae840e0ed609f45c7bcd4e225ebb9c753aa39725bb3e6ad6",
                "sha256:8b6c2ea03845c9f501ed1313e78de148cd3f6cad741a75d43a29b43da27f2e1e",
                "sha256:91d77d2a782be4274da750752bb1650a97bfd8f291022b379bb8e01c66b4e96b",
                "sha256:91ec59c33514b7c7559a6acda53bbfe1b283949c34fe7440bcf917f96ac0723e",
                "sha256:920f0d66a896c2d99f0adbb391f990a84091179542c205fa53ce5787aff87954",
                "sha256:a5263e363c27b653a90078143adb3d076c1a748ec9ecc78ea2fb916f9b861962",
                "sha256:abb9a20a72ac4e0fdb50dae135ba5e77880518e742077ced47eb1499e29a443c",
                "sha256:c2051981a968d7de9dd2d7b87bcb9c939c74a34626a6e2f8181455dd49ed69e4",
                "sha256:c21c9e3896c23007803a875460fb786118f0cdd4434359577ea25eb556e34c55",
                "sha256:c2502a1a03b6312837279c8c1bd3ebedf6c12c4228ddbad40912d671ccc8a962",
                "sha256:d4d692a89c5cf08a8557fdeb329b82e7bf609aadfaed6c0d79f5a449a3c7c023",
                "sha256:da5db4e883f1ce37f55c667e5c0de439df76ac4cb55964655906306918e7363c",
                "sha256:e7022a66d9b55e93e1a845d8c9eba2a1bebd4966cd8bfc25d9cd07d515b33fa6",
                "sha256:ef1f279350da2c586a69d32fc8733092fd32cc8ac95139a00377841f59a3f8d8",
                "sha256:f54a64f8b0c8ff0b64d18aa76675262e1700f3995182267998c31ae974fbc382",
                "sha256:f5c7150ad32ba43a07c4479f40241756145a1f03b43480e058cfd862bf5041c7",
                "sha256:f6f824dc3bce0edab5f427efcfb1d63ee75b6fcb7282900ccaf925be84efb0fc",
                "sha256:fd8a250edc26254fe5b33be00402e6d287f562b6a5b2152dec302fa15bb3e997",
                "sha256:ffaa5c925128e29efbde7301d8ecaf35c8c60ffbcd6a1ffd3a552177c8e5e796"
            ],
            "markers": "platform_python_implementation == 'CPython' and sys_platform == 'win32'",
            "version": "==1.15.0"
        },
        "eel": {
            "hashes": [
                "sha256:5331f49e8acfe8c6033f5cf589c55c870112022680b9ac0a4629f8cd9882b8fb",
                "sha256:f293a63c158f6554d56e593d3d23641760722d55fcc099f5df0244d73f1551d5"
            ],
            "index": "piwigo",
            "version": "==0.14.1"
        },
        "future": {
            "hashes": [
                "sha256:b1bead90b70cf6ec3f0710ae53a525360fa360d306a86583adc6bf83a4db537d"
            ],
            "markers": "python_version >= '2.6' and python_version not in '3.0, 3.1, 3.2, 3.3'",
            "version": "==0.18.2"
        },
        "gevent": {
            "hashes": [
                "sha256:02d1e8ca227d0ab0b7917fd7e411f9a534475e0a41fb6f434e9264b20155201a",
                "sha256:0c7b4763514fec74c9fe6ad10c3de62d8fe7b926d520b1e35eb6887181b954ff",
                "sha256:1c9c87b15f792af80edc950a83ab8ef4f3ba3889712211c2c42740ddb57b5492",
                "sha256:23077d87d1589ac141c22923fd76853d2cc5b7e3c5e1f1f9cdf6ff23bc9790fc",
                "sha256:37a469a99e6000b42dd0b9bbd9d716dbd66cdc6e5738f136f6a266c29b90ee99",
                "sha256:3b600145dc0c5b39c6f89c2e91ec6c55eb0dd52dc8148228479ca42cded358e4",
                "sha256:3f5ba654bdd3c774079b553fef535ede5b52c7abd224cb235a15da90ae36251b",
                "sha256:43e93e1a4738c922a2416baf33f0afb0a20b22d3dba886720bc037cd02a98575",
                "sha256:473f918bdf7d2096e391f66bd8ce1e969639aa235e710aaf750a37774bb585bd",
                "sha256:4c94d27be9f0439b28eb8bd0f879e6142918c62092fda7fb96b6d06f01886b94",
                "sha256:55ede95f41b74e7506fab293ad04cc7fc2b6f662b42281e9f2d668ad3817b574",
                "sha256:6cad37a55e904879beef2a7e7c57c57d62fde2331fef1bec7f2b2a7ef14da6a2",
                "sha256:72d4c2a8e65bbc702db76456841c7ddd6de2d9ab544a24aa74ad9c2b6411a269",
                "sha256:75c29ed5148c916021d39d2fac90ccc0e19adf854626a34eaee012aa6b1fcb67",
                "sha256:84e1af2dfb4ea9495cb914b00b6303ca0d54bf0a92e688a17e60f6b033873df2",
                "sha256:8d8655ce581368b7e1ab42c8a3a166c0b43ea04e59970efbade9448864585e99",
                "sha256:90131877d3ce1a05da1b718631860815b89ff44e93c42d168c9c9e8893b26318",
                "sha256:9d46bea8644048ceac5737950c08fc89c37a66c34a56a6c9e3648726e60cb767",
                "sha256:a8656d6e02bf47d7fa47728cf7a7cbf408f77ef1fad12afd9e0e3246c5de1707",
                "sha256:aaf1451cd0d9c32f65a50e461084a0540be52b8ea05c18669c95b42e1f71592a",
                "sha256:afc877ff4f277d0e51a1206d748fdab8c1e0256f7a05e1b1067abbed71c64da9",
                "sha256:b10c3326edb76ec3049646dc5131608d6d3733b5adfc75d34852028ecc67c52c",
                "sha256:ceec7c5f15fb2f9b767b194daa55246830db6c7c3c2f0b1c7e9e90cb4d01f3f9",
                "sha256:e00dc0450f79253b7a3a7f2a28e6ca959c8d0d47c0f9fa2c57894c7974d5965f",
                "sha256:e91632fdcf1c9a33e97e35f96edcbdf0b10e36cf53b58caa946dca4836bb688c",
                "sha256:f39d5defda9443b5fb99a185050e94782fe7ac38f34f751b491142216ad23bc7"
            ],
            "index": "pypi",
            "version": "==21.8.0"
        },
        "gevent-websocket": {
            "hashes": [
                "sha256:17b67d91282f8f4c973eba0551183fc84f56f1c90c8f6b6b30256f31f66f5242",
                "sha256:7eaef32968290c9121f7c35b973e2cc302ffb076d018c9068d2f5ca8b2d85fb0"
            ],
            "version": "==0.10.1"
        },
        "greenlet": {
            "hashes": [
                "sha256:00e44c8afdbe5467e4f7b5851be223be68adb4272f44696ee71fe46b7036a711",
                "sha256:013d61294b6cd8fe3242932c1c5e36e5d1db2c8afb58606c5a67efce62c1f5fd",
                "sha256:049fe7579230e44daef03a259faa24511d10ebfa44f69411d99e6a184fe68073",
                "sha256:14d4f3cd4e8b524ae9b8aa567858beed70c392fdec26dbdb0a8a418392e71708",
                "sha256:166eac03e48784a6a6e0e5f041cfebb1ab400b394db188c48b3a84737f505b67",
                "sha256:17ff94e7a83aa8671a25bf5b59326ec26da379ace2ebc4411d690d80a7fbcf23",
                "sha256:1e12bdc622676ce47ae9abbf455c189e442afdde8818d9da983085df6312e7a1",
                "sha256:21915eb821a6b3d9d8eefdaf57d6c345b970ad722f856cd71739493ce003ad08",
                "sha256:288c6a76705dc54fba69fbcb59904ae4ad768b4c768839b8ca5fdadec6dd8cfd",
                "sha256:32ca72bbc673adbcfecb935bb3fb1b74e663d10a4b241aaa2f5a75fe1d1f90aa",
                "sha256:356b3576ad078c89a6107caa9c50cc14e98e3a6c4874a37c3e0273e4baf33de8",
                "sha256:40b951f601af999a8bf2ce8c71e8aaa4e8c6f78ff8afae7b808aae2dc50d4c40",
                "sha256:572e1787d1460da79590bf44304abbc0a2da944ea64ec549188fa84d89bba7ab",
                "sha256:58df5c2a0e293bf665a51f8a100d3e9956febfbf1d9aaf8c0677cf70218910c6",
                "sha256:64e6175c2e53195278d7388c454e0b30997573f3f4bd63697f88d855f7a6a1fc",
                "sha256:7227b47e73dedaa513cdebb98469705ef0d66eb5a1250144468e9c3097d6b59b",
                "sha256:7418b6bfc7fe3331541b84bb2141c9baf1ec7132a7ecd9f375912eca810e714e",
                "sha256:7cbd7574ce8e138bda9df4efc6bf2ab8572c9aff640d8ecfece1b006b68da963",
                "sha256:7ff61ff178250f9bb3cd89752df0f1dd0e27316a8bd1465351652b1b4a4cdfd3",
                "sha256:833e1551925ed51e6b44c800e71e77dacd7e49181fdc9ac9a0bf3714d515785d",
                "sha256:8639cadfda96737427330a094476d4c7a56ac03de7265622fcf4cfe57c8ae18d",
                "sha256:8c790abda465726cfb8bb08bd4ca9a5d0a7bd77c7ac1ca1b839ad823b948ea28",
                "sha256:8d2f1fb53a421b410751887eb4ff21386d119ef9cde3797bf5e7ed49fb51a3b3",
                "sha256:903bbd302a2378f984aef528f76d4c9b1748f318fe1294961c072bdc7f2ffa3e",
                "sha256:93f81b134a165cc17123626ab8da2e30c0455441d4ab5576eed73a64c025b25c",
                "sha256:95e69877983ea39b7303570fa6760f81a3eec23d0e3ab2021b7144b94d06202d",
                "sha256:9633b3034d3d901f0a46b7939f8c4d64427dfba6bbc5a36b1a67364cf148a1b0",
                "sha256:97e5306482182170ade15c4b0d8386ded995a07d7cc2ca8f27958d34d6736497",
                "sha256:9f3cba480d3deb69f6ee2c1825060177a22c7826431458c697df88e6aeb3caee",
                "sha256:aa5b467f15e78b82257319aebc78dd2915e4c1436c3c0d1ad6f53e47ba6e2713",
                "sha256:abb7a75ed8b968f3061327c433a0fbd17b729947b400747c334a9c29a9af6c58",
                "sha256:aec52725173bd3a7b56fe91bc56eccb26fbdff1386ef123abb63c84c5b43b63a",
                "sha256:b11548073a2213d950c3f671aa88e6f83cda6e2fb97a8b6317b1b5b33d850e06",
                "sha256:b1692f7d6bc45e3200844be0dba153612103db241691088626a33ff1f24a0d88",
                "sha256:b92e29e58bef6d9cfd340c72b04d74c4b4e9f70c9fa7c78b674d1fec18896dc4",
                "sha256:be5f425ff1f5f4b3c1e33ad64ab994eed12fc284a6ea71c5243fd564502ecbe5",
                "sha256:dd0b1e9e891f69e7675ba5c92e28b90eaa045f6ab134ffe70b52e948aa175b3c",
                "sha256:e30f5ea4ae2346e62cedde8794a56858a67b878dd79f7df76a0767e356b1744a",
                "sha256:e6a36bb9474218c7a5b27ae476035497a6990e21d04c279884eb10d9b290f1b1",
                "sha256:e859fcb4cbe93504ea18008d1df98dee4f7766db66c435e4882ab35cf70cac43",
                "sha256:eb6ea6da4c787111adf40f697b4e58732ee0942b5d3bd8f435277643329ba627",
                "sha256:ec8c433b3ab0419100bd45b47c9c8551248a5aee30ca5e9d399a0b57ac04651b",
                "sha256:eff9d20417ff9dcb0d25e2defc2574d10b491bf2e693b4e491914738b7908168",
                "sha256:f0214eb2a23b85528310dad848ad2ac58e735612929c8072f6093f3585fd342d",
                "sha256:f276df9830dba7a333544bd41070e8175762a7ac20350786b322b714b0e654f5",
                "sha256:f3acda1924472472ddd60c29e5b9db0cec629fbe3c5c5accb74d6d6d14773478",
                "sha256:f70a9e237bb792c7cc7e44c531fd48f5897961701cdaa06cf22fc14965c496cf",
                "sha256:f9d29ca8a77117315101425ec7ec2a47a22ccf59f5593378fc4077ac5b754fce",
                "sha256:fa877ca7f6b48054f847b61d6fa7bed5cebb663ebc55e018fda12db09dcc664c",
                "sha256:fdcec0b8399108577ec290f55551d926d9a1fa6cad45882093a7a07ac5ec147b"
            ],
            "markers": "platform_python_implementation == 'CPython'",
            "version": "==1.1.2"
        },
        "pycparser": {
            "hashes": [
                "sha256:8ee45429555515e1f6b185e78100aea234072576aa43ab53aefcae078162fca9",
                "sha256:e644fdec12f7872f86c58ff790da456218b10f863970249516d60a5eaca77206"
            ],
            "markers": "python_version >= '2.7' and python_version not in '3.0, 3.1, 3.2, 3.3'",
            "version": "==2.21"
        },
        "pyparsing": {
            "hashes": [
                "sha256:04ff808a5b90911829c55c4e26f75fa5ca8a2f5f36aa3a51f68e27033341d3e4",
                "sha256:d9bdec0013ef1eb5a84ab39a3b3868911598afa494f5faa038647101504e2b81"
            ],
            "markers": "python_version >= '3.6'",
            "version": "==3.0.6"
        },
        "python-a2s": {
            "hashes": [
                "sha256:80bb86d7888b9706338144314bbff1d3faf87ff835892e7dcc9347ed27e37dc7",
                "sha256:ddcc148f1a2104c73b5478e513bef4643f91803a0db21954591c6152e0590df0"
            ],
            "index": "pypi",
            "version": "==1.3.0"
        },
        "whichcraft": {
            "hashes": [
                "sha256:acdbb91b63d6a15efbd6430d1d7b2d36e44a71697e93e19b7ded477afd9fce87",
                "sha256:deda9266fbb22b8c64fd3ee45c050d61139cd87419765f588e37c8d23e236dd9"
            ],
            "version": "==0.6.1"
        },
        "zope.event": {
            "hashes": [
                "sha256:2666401939cdaa5f4e0c08cf7f20c9b21423b95e88f4675b1443973bdb080c42",
                "sha256:5e76517f5b9b119acf37ca8819781db6c16ea433f7e2062c4afc2b6fbedb1330"
            ],
            "version": "==4.5.0"
        },
        "zope.interface": {
            "hashes": [
                "sha256:08f9636e99a9d5410181ba0729e0408d3d8748026ea938f3b970a0249daa8192",
                "sha256:0b465ae0962d49c68aa9733ba92a001b2a0933c317780435f00be7ecb959c702",
                "sha256:0cba8477e300d64a11a9789ed40ee8932b59f9ee05f85276dbb4b59acee5dd09",
                "sha256:0cee5187b60ed26d56eb2960136288ce91bcf61e2a9405660d271d1f122a69a4",
                "sha256:0ea1d73b7c9dcbc5080bb8aaffb776f1c68e807767069b9ccdd06f27a161914a",
                "sha256:0f91b5b948686659a8e28b728ff5e74b1be6bf40cb04704453617e5f1e945ef3",
                "sha256:15e7d1f7a6ee16572e21e3576d2012b2778cbacf75eb4b7400be37455f5ca8bf",
                "sha256:17776ecd3a1fdd2b2cd5373e5ef8b307162f581c693575ec62e7c5399d80794c",
                "sha256:194d0bcb1374ac3e1e023961610dc8f2c78a0f5f634d0c737691e215569e640d",
                "sha256:1c0e316c9add0db48a5b703833881351444398b04111188069a26a61cfb4df78",
                "sha256:205e40ccde0f37496904572035deea747390a8b7dc65146d30b96e2dd1359a83",
                "sha256:273f158fabc5ea33cbc936da0ab3d4ba80ede5351babc4f577d768e057651531",
                "sha256:2876246527c91e101184f63ccd1d716ec9c46519cc5f3d5375a3351c46467c46",
                "sha256:2c98384b254b37ce50eddd55db8d381a5c53b4c10ee66e1e7fe749824f894021",
                "sha256:2e5a26f16503be6c826abca904e45f1a44ff275fdb7e9d1b75c10671c26f8b94",
                "sha256:334701327f37c47fa628fc8b8d28c7d7730ce7daaf4bda1efb741679c2b087fc",
                "sha256:3748fac0d0f6a304e674955ab1365d515993b3a0a865e16a11ec9d86fb307f63",
                "sha256:3c02411a3b62668200910090a0dff17c0b25aaa36145082a5a6adf08fa281e54",
                "sha256:3dd4952748521205697bc2802e4afac5ed4b02909bb799ba1fe239f77fd4e117",
                "sha256:3f24df7124c323fceb53ff6168da70dbfbae1442b4f3da439cd441681f54fe25",
                "sha256:469e2407e0fe9880ac690a3666f03eb4c3c444411a5a5fddfdabc5d184a79f05",
                "sha256:4de4bc9b6d35c5af65b454d3e9bc98c50eb3960d5a3762c9438df57427134b8e",
                "sha256:5208ebd5152e040640518a77827bdfcc73773a15a33d6644015b763b9c9febc1",
                "sha256:52de7fc6c21b419078008f697fd4103dbc763288b1406b4562554bd47514c004",
                "sha256:5bb3489b4558e49ad2c5118137cfeaf59434f9737fa9c5deefc72d22c23822e2",
                "sha256:5dba5f530fec3f0988d83b78cc591b58c0b6eb8431a85edd1569a0539a8a5a0e",
                "sha256:5dd9ca406499444f4c8299f803d4a14edf7890ecc595c8b1c7115c2342cadc5f",
                "sha256:5f931a1c21dfa7a9c573ec1f50a31135ccce84e32507c54e1ea404894c5eb96f",
                "sha256:63b82bb63de7c821428d513607e84c6d97d58afd1fe2eb645030bdc185440120",
                "sha256:66c0061c91b3b9cf542131148ef7ecbecb2690d48d1612ec386de9d36766058f",
                "sha256:6f0c02cbb9691b7c91d5009108f975f8ffeab5dff8f26d62e21c493060eff2a1",
                "sha256:71aace0c42d53abe6fc7f726c5d3b60d90f3c5c055a447950ad6ea9cec2e37d9",
                "sha256:7d97a4306898b05404a0dcdc32d9709b7d8832c0c542b861d9a826301719794e",
                "sha256:7df1e1c05304f26faa49fa752a8c690126cf98b40b91d54e6e9cc3b7d6ffe8b7",
                "sha256:8270252effc60b9642b423189a2fe90eb6b59e87cbee54549db3f5562ff8d1b8",
                "sha256:867a5ad16892bf20e6c4ea2aab1971f45645ff3102ad29bd84c86027fa99997b",
                "sha256:877473e675fdcc113c138813a5dd440da0769a2d81f4d86614e5d62b69497155",
                "sha256:8892f89999ffd992208754851e5a052f6b5db70a1e3f7d54b17c5211e37a98c7",
                "sha256:9a9845c4c6bb56e508651f005c4aeb0404e518c6f000d5a1123ab077ab769f5c",
                "sha256:a1e6e96217a0f72e2b8629e271e1b280c6fa3fe6e59fa8f6701bec14e3354325",
                "sha256:a8156e6a7f5e2a0ff0c5b21d6bcb45145efece1909efcbbbf48c56f8da68221d",
                "sha256:a9506a7e80bcf6eacfff7f804c0ad5350c8c95b9010e4356a4b36f5322f09abb",
                "sha256:af310ec8335016b5e52cae60cda4a4f2a60a788cbb949a4fbea13d441aa5a09e",
                "sha256:b0297b1e05fd128d26cc2460c810d42e205d16d76799526dfa8c8ccd50e74959",
                "sha256:bf68f4b2b6683e52bec69273562df15af352e5ed25d1b6641e7efddc5951d1a7",
                "sha256:d0c1bc2fa9a7285719e5678584f6b92572a5b639d0e471bb8d4b650a1a910920",
                "sha256:d4d9d6c1a455d4babd320203b918ccc7fcbefe308615c521062bc2ba1aa4d26e",
                "sha256:db1fa631737dab9fa0b37f3979d8d2631e348c3b4e8325d6873c2541d0ae5a48",
                "sha256:dd93ea5c0c7f3e25335ab7d22a507b1dc43976e1345508f845efc573d3d779d8",
                "sha256:f44e517131a98f7a76696a7b21b164bcb85291cee106a23beccce454e1f433a4",
                "sha256:f7ee479e96f7ee350db1cf24afa5685a5899e2b34992fb99e1f7c1b0b758d263"
            ],
            "markers": "python_version >= '2.7' and python_version not in '3.0, 3.1, 3.2, 3.3, 3.4'",
            "version": "==5.4.0"
        }
    },
    "develop": {
        "altgraph": {
            "hashes": [
                "sha256:743628f2ac6a7c26f5d9223c91ed8ecbba535f506f4b6f558885a8a56a105857",
                "sha256:ebf2269361b47d97b3b88e696439f6e4cbc607c17c51feb1754f90fb79839158"
            ],
            "version": "==0.17.2"
        },
        "future": {
            "hashes": [
                "sha256:b1bead90b70cf6ec3f0710ae53a525360fa360d306a86583adc6bf83a4db537d"
            ],
            "markers": "python_version >= '2.6' and python_version not in '3.0, 3.1, 3.2, 3.3'",
            "version": "==0.18.2"
        },
        "pefile": {
            "hashes": [
                "sha256:344a49e40a94e10849f0fe34dddc80f773a12b40675bf2f7be4b8be578bdd94a"
            ],
            "markers": "sys_platform == 'win32'",
            "version": "==2021.9.3"
        },
        "pyinstaller": {
            "hashes": [
                "sha256:03636feec822de1d23d9753054f0b1229fb23d58723ae796f41b1127fc54f572",
                "sha256:0f488407108dd4e0531576552514889b2d5620367c81a177dfbe1eb628ad7a8c",
                "sha256:2c7f4810dc5272ec1b388a7f1ff6b56d38653c1b0c9ac2d9dd54fa06b590e372",
                "sha256:5a130e2cf694975787026db1839b53c833b8d4922d850703c7076a06774cb6af",
                "sha256:7942ac8043e538422fe9c6733fe201e4d765d31ad13ff40bcc7b9bf4c2d0ad64",
                "sha256:ba410e9aadae61aa9172d56180ca381b3ad7abd721a31495db21cc82ede4003b",
                "sha256:c766e1d643f8820fe70d12c3690911bc43556ae97e12885e2925fa43bc1e7649",
                "sha256:c8d3b4e64b0e6c1c837b5215077675796a7d95679245b40843343d647465fb69",
                "sha256:fea70754a8cdca04763d0cdbbb9b8b07854355232c8f512bc7211e2c07361c06"
            ],
            "index": "pypi",
            "version": "==4.7"
        },
        "pyinstaller-hooks-contrib": {
            "hashes": [
                "sha256:60a57e4057fa2183bbaa81f10401a27eb7dd701ef8a11b287bb6345b571f94e7",
                "sha256:775b52200b39e12c95cc24f809eb050a97110fee819d178ebfde214f0f51e5f4"
            ],
            "version": "==2021.4"
        },
        "pywin32-ctypes": {
            "hashes": [
                "sha256:24ffc3b341d457d48e8922352130cf2644024a4ff09762a2261fd34c36ee5942",
                "sha256:9dc2d991b3479cc2df15930958b674a48a227d5361d413827a4cfd0b5876fc98"
            ],
            "markers": "sys_platform == 'win32'",
            "version": "==0.2.0"
        }
    }
}
